Microsoft Visual Studio Solution File, Format Version 7.00
Project("{FAE04EC0-301F-11D3-BF4B-00C04F79EFBC}") = "chat", "chat.csproj", "{E52A1C9B-D371-421D-BED5-C8647AE04F4B}"
EndProject
Global
	GlobalSection(SolutionConfiguration) = preSolution
		ConfigName.0 = Debug
		ConfigName.1 = Release
	EndGlobalSection
	GlobalSection(ProjectDependencies) = postSolution
	EndGlobalSection
	GlobalSection(ProjectConfiguration) = postSolution
		{E52A1C9B-D371-421D-BED5-C8647AE04F4B}.Debug.ActiveCfg = Debug|.NET
		{E52A1C9B-D371-421D-BED5-C8647AE04F4B}.Debug.Build.0 = Debug|.NET
		{E52A1C9B-D371-421D-BED5-C8647AE04F4B}.Release.ActiveCfg = Release|.NET
		{E52A1C9B-D371-421D-BED5-C8647AE04F4B}.Release.Build.0 = Release|.NET
	EndGlobalSection
	GlobalSection(ExtensibilityGlobals) = postSolution
	EndGlobalSection
	GlobalSection(ExtensibilityAddIns) = postSolution
	EndGlobalSection
EndGlobal
